{
  "name": "goit-js-hw-07",
  "lockfileVersion": 2,
  "requires": true,
  "packages": {
    "": {
      "dependencies": {
        "simplelightbox": "^2.11.0"
      }
    },
    "node_modules/simplelightbox": {
      "version": "2.11.0",
      "resolved": "https://registry.npmjs.org/simplelightbox/-/simplelightbox-2.11.0.tgz",
      "integrity": "sha512-+ylze7HQqnksITf2egX7/6XjsMdFMz80j70oFrKwlac2lQ2InO6JcE+75aGaAh8uG3O3rClJyE4hcQpgKQZ2Ig=="
    }
  },
  "dependencies": {
    "simplelightbox": {
      "version": "2.11.0",
      "resolved": "https://registry.npmjs.org/simplelightbox/-/simplelightbox-2.11.0.tgz",
      "integrity": "sha512-+ylze7HQqnksITf2egX7/6XjsMdFMz80j70oFrKwlac2lQ2InO6JcE+75aGaAh8uG3O3rClJyE4hcQpgKQZ2Ig=="
    }
  }
}
